
Microsoft Visual Studio Solution File, Format Version 12.00
# Visual Studio Version 16
VisualStudioVersion = 16.0.31729.503
MinimumVisualStudioVersion = 10.0.40219.1
Project("{888888A0-9F3D-457C-B088-3A5042F75D52}") = "Lab10_main", "Lab10_main\Lab10_main.pyproj", "{FD70E4A3-5495-4007-8F6D-68E3885A3D08}"
EndProject
Global
	GlobalSection(SolutionConfigurationPlatforms) = preSolution
		Debug|Any CPU = Debug|Any CPU
		Release|Any CPU = Release|Any CPU
	EndGlobalSection
	GlobalSection(ProjectConfigurationPlatforms) = postSolution
		{FD70E4A3-5495-4007-8F6D-68E3885A3D08}.Debug|Any CPU.ActiveCfg = Debug|Any CPU
		{FD70E4A3-5495-4007-8F6D-68E3885A3D08}.Release|Any CPU.ActiveCfg = Release|Any CPU
	EndGlobalSection
	GlobalSection(SolutionProperties) = preSolution
		HideSolutionNode = FALSE
	EndGlobalSection
	GlobalSection(ExtensibilityGlobals) = postSolution
		SolutionGuid = {9A8283C8-6911-4672-8D6E-CE0B4A1D04D3}
	EndGlobalSection
EndGlobal
